
Microsoft Visual Studio Solution File, Format Version 12.00
# Visual Studio Version 16
VisualStudioVersion = 16.0.30517.126
MinimumVisualStudioVersion = 10.0.40219.1
Project("{FAE04EC0-301F-11D3-BF4B-00C04F79EFBC}") = "TrackerLibrary", "TrackerLibrary\TrackerLibrary.csproj", "{36770117-F9DE-4331-BAF4-BD324AD8CB2B}"
EndProject
Project("{FAE04EC0-301F-11D3-BF4B-00C04F79EFBC}") = "TrackerUI", "TrackerUI\TrackerUI.csproj", "{BA5CBA3D-BD3F-4275-854A-ABA104B5B0EA}"
EndProject
Global
	GlobalSection(SolutionConfigurationPlatforms) = preSolution
		Debug|Any CPU = Debug|Any CPU
		Release|Any CPU = Release|Any CPU
	EndGlobalSection
	GlobalSection(ProjectConfigurationPlatforms) = postSolution
		{36770117-F9DE-4331-BAF4-BD324AD8CB2B}.Debug|Any CPU.ActiveCfg = Debug|Any CPU
		{36770117-F9DE-4331-BAF4-BD324AD8CB2B}.Debug|Any CPU.Build.0 = Debug|Any CPU
		{36770117-F9DE-4331-BAF4-BD324AD8CB2B}.Release|Any CPU.ActiveCfg = Release|Any CPU
		{36770117-F9DE-4331-BAF4-BD324AD8CB2B}.Release|Any CPU.Build.0 = Release|Any CPU
		{BA5CBA3D-BD3F-4275-854A-ABA104B5B0EA}.Debug|Any CPU.ActiveCfg = Debug|Any CPU
		{BA5CBA3D-BD3F-4275-854A-ABA104B5B0EA}.Debug|Any CPU.Build.0 = Debug|Any CPU
		{BA5CBA3D-BD3F-4275-854A-ABA104B5B0EA}.Release|Any CPU.ActiveCfg = Release|Any CPU
		{BA5CBA3D-BD3F-4275-854A-ABA104B5B0EA}.Release|Any CPU.Build.0 = Release|Any CPU
	EndGlobalSection
	GlobalSection(SolutionProperties) = preSolution
		HideSolutionNode = FALSE
	EndGlobalSection
	GlobalSection(ExtensibilityGlobals) = postSolution
		SolutionGuid = {4122D59D-13CF-48F0-A837-832EF3F5F3BA}
	EndGlobalSection
EndGlobal
